
Microsoft Visual Studio Solution File, Format Version 11.00
# Visual Studio 2010
Project("{FAE04EC0-301F-11D3-BF4B-00C04F79EFBC}") = "MMM.Library.WebExtras", "MMM.Library.WebExtras\MMM.Library.WebExtras.csproj", "{79881816-8CC9-458B-99F7-BBE3E35AB665}"
EndProject
Project("{FAE04EC0-301F-11D3-BF4B-00C04F79EFBC}") = "MMM.Library.WebExtras.tests", "MMM.Library.WebExtras.tests\MMM.Library.WebExtras.tests.csproj", "{7866269E-4F9A-4DF2-BE1B-B7804BFD4DB7}"
EndProject
Project("{2150E333-8FDC-42A3-9474-1A3956D46DE8}") = "Solution Items", "Solution Items", "{40A2735C-ADCD-4E3E-8337-E50F103CB0E2}"
	ProjectSection(SolutionItems) = preProject
		Local.testsettings = Local.testsettings
		TraceAndTestImpact.testsettings = TraceAndTestImpact.testsettings
		WebExtras.vsmdi = WebExtras.vsmdi
	EndProjectSection
EndProject
Global
	GlobalSection(TestCaseManagementSettings) = postSolution
		CategoryFile = WebExtras.vsmdi
	EndGlobalSection
	GlobalSection(SolutionConfigurationPlatforms) = preSolution
		Debug|Any CPU = Debug|Any CPU
		Debug|x86 = Debug|x86
		Release|Any CPU = Release|Any CPU
		Release|x86 = Release|x86
	EndGlobalSection
	GlobalSection(ProjectConfigurationPlatforms) = postSolution
		{79881816-8CC9-458B-99F7-BBE3E35AB665}.Debug|Any CPU.ActiveCfg = Debug|Any CPU
		{79881816-8CC9-458B-99F7-BBE3E35AB665}.Debug|Any CPU.Build.0 = Debug|Any CPU
		{79881816-8CC9-458B-99F7-BBE3E35AB665}.Debug|x86.ActiveCfg = Debug|x86
		{79881816-8CC9-458B-99F7-BBE3E35AB665}.Debug|x86.Build.0 = Debug|x86
		{79881816-8CC9-458B-99F7-BBE3E35AB665}.Release|Any CPU.ActiveCfg = Release|Any CPU
		{79881816-8CC9-458B-99F7-BBE3E35AB665}.Release|Any CPU.Build.0 = Release|Any CPU
		{79881816-8CC9-458B-99F7-BBE3E35AB665}.Release|x86.ActiveCfg = Release|x86
		{79881816-8CC9-458B-99F7-BBE3E35AB665}.Release|x86.Build.0 = Release|x86
		{7866269E-4F9A-4DF2-BE1B-B7804BFD4DB7}.Debug|Any CPU.ActiveCfg = Debug|Any CPU
		{7866269E-4F9A-4DF2-BE1B-B7804BFD4DB7}.Debug|Any CPU.Build.0 = Debug|Any CPU
		{7866269E-4F9A-4DF2-BE1B-B7804BFD4DB7}.Debug|x86.ActiveCfg = Debug|x86
		{7866269E-4F9A-4DF2-BE1B-B7804BFD4DB7}.Debug|x86.Build.0 = Debug|x86
		{7866269E-4F9A-4DF2-BE1B-B7804BFD4DB7}.Release|Any CPU.ActiveCfg = Release|Any CPU
		{7866269E-4F9A-4DF2-BE1B-B7804BFD4DB7}.Release|Any CPU.Build.0 = Release|Any CPU
		{7866269E-4F9A-4DF2-BE1B-B7804BFD4DB7}.Release|x86.ActiveCfg = Release|x86
		{7866269E-4F9A-4DF2-BE1B-B7804BFD4DB7}.Release|x86.Build.0 = Release|x86
	EndGlobalSection
	GlobalSection(SolutionProperties) = preSolution
		HideSolutionNode = FALSE
	EndGlobalSection
EndGlobal
