
Microsoft Visual Studio Solution File, Format Version 12.00
# Visual Studio 2012
Project("{FAE04EC0-301F-11D3-BF4B-00C04F79EFBC}") = "WebExtras-Mono", "WebExtras\WebExtras-Mono.csproj", "{9ECAF0DF-169B-4661-8D36-DAD11B033ECF}"
EndProject
Project("{FAE04EC0-301F-11D3-BF4B-00C04F79EFBC}") = "WebExtras.Mvc-Mono", "WebExtras.Mvc\WebExtras.Mvc-Mono.csproj", "{A0C1C29E-ED4D-447A-A808-3EEEE9C98596}"
EndProject
Project("{FAE04EC0-301F-11D3-BF4B-00C04F79EFBC}") = "WebExtras.DemoApp-Mono", "WebExtras.DemoApp\WebExtras.DemoApp-Mono.csproj", "{4C55BD5B-8EA9-4D52-A491-0EFC89582F1D}"
EndProject
Global
	GlobalSection(SolutionConfigurationPlatforms) = preSolution
		Debug|Any CPU = Debug|Any CPU
		Release|Any CPU = Release|Any CPU
	EndGlobalSection
	GlobalSection(ProjectConfigurationPlatforms) = postSolution
		{4C55BD5B-8EA9-4D52-A491-0EFC89582F1D}.Debug|Any CPU.ActiveCfg = Debug|Any CPU
		{4C55BD5B-8EA9-4D52-A491-0EFC89582F1D}.Debug|Any CPU.Build.0 = Debug|Any CPU
		{4C55BD5B-8EA9-4D52-A491-0EFC89582F1D}.Release|Any CPU.ActiveCfg = Release|Any CPU
		{4C55BD5B-8EA9-4D52-A491-0EFC89582F1D}.Release|Any CPU.Build.0 = Release|Any CPU
		{9ECAF0DF-169B-4661-8D36-DAD11B033ECF}.Debug|Any CPU.ActiveCfg = Debug|Any CPU
		{9ECAF0DF-169B-4661-8D36-DAD11B033ECF}.Debug|Any CPU.Build.0 = Debug|Any CPU
		{9ECAF0DF-169B-4661-8D36-DAD11B033ECF}.Release|Any CPU.ActiveCfg = Release|Any CPU
		{9ECAF0DF-169B-4661-8D36-DAD11B033ECF}.Release|Any CPU.Build.0 = Release|Any CPU
		{A0C1C29E-ED4D-447A-A808-3EEEE9C98596}.Debug|Any CPU.ActiveCfg = Debug|Any CPU
		{A0C1C29E-ED4D-447A-A808-3EEEE9C98596}.Debug|Any CPU.Build.0 = Debug|Any CPU
		{A0C1C29E-ED4D-447A-A808-3EEEE9C98596}.Release|Any CPU.ActiveCfg = Release|Any CPU
		{A0C1C29E-ED4D-447A-A808-3EEEE9C98596}.Release|Any CPU.Build.0 = Release|Any CPU
	EndGlobalSection
	GlobalSection(MonoDevelopProperties) = preSolution
		Policies = $0
		$0.TextStylePolicy = $1
		$1.inheritsSet = null
		$1.scope = text/x-csharp
		$0.CSharpFormattingPolicy = $2
		$2.AfterDelegateDeclarationParameterComma = True
		$2.inheritsSet = Mono
		$2.inheritsScope = text/x-csharp
		$2.scope = text/x-csharp
		$0.TextStylePolicy = $3
		$3.FileWidth = 120
		$3.TabWidth = 2
		$3.IndentWidth = 2
		$3.EolMarker = Windows
		$3.inheritsSet = VisualStudio
		$3.inheritsScope = text/plain
		$3.scope = text/plain
		$0.TextStylePolicy = $4
		$4.inheritsSet = null
		$4.scope = text/css
		$0.TextStylePolicy = $5
		$5.inheritsSet = null
		$5.scope = application/javascript
		$0.TextStylePolicy = $6
		$6.inheritsSet = null
		$6.scope = application/x-ascx
		$0.TextStylePolicy = $7
		$7.inheritsSet = null
		$7.scope = image/svg+xml
		$0.XmlFormattingPolicy = $8
		$8.inheritsSet = null
		$8.scope = image/svg+xml
		$0.TextStylePolicy = $9
		$9.inheritsSet = null
		$9.scope = application/xml
		$0.XmlFormattingPolicy = $10
		$10.inheritsSet = Mono
		$10.inheritsScope = application/xml
		$10.scope = application/xml
		$0.TextStylePolicy = $11
		$11.inheritsSet = null
		$11.scope = text/html
		$0.TextStylePolicy = $12
		$12.inheritsSet = null
		$12.scope = text/x-less
		$0.TextStylePolicy = $13
		$13.inheritsSet = null
		$13.scope = text/x-cshtml
		$0.TextStylePolicy = $14
		$14.inheritsSet = null
		$14.scope = application/config+xml
		$0.XmlFormattingPolicy = $15
		$15.inheritsSet = null
		$15.scope = application/config+xml
		$0.TextStylePolicy = $16
		$16.inheritsSet = null
		$16.scope = application/x-asax
		$0.TextStylePolicy = $17
		$17.inheritsSet = null
		$17.scope = application/t4-template
		$0.StandardHeader = $18
		$18.Text = 
		$18.IncludeInNewFiles = True
		$0.NameConventionPolicy = $19
		$19.Rules = $20
		$20.NamingRule = $21
		$21.Name = Namespaces
		$21.AffectedEntity = Namespace
		$21.VisibilityMask = VisibilityMask
		$21.NamingStyle = PascalCase
		$21.IncludeInstanceMembers = True
		$21.IncludeStaticEntities = True
		$20.NamingRule = $22
		$22.Name = Types
		$22.AffectedEntity = Class, Struct, Enum, Delegate
		$22.VisibilityMask = Public
		$22.NamingStyle = PascalCase
		$22.IncludeInstanceMembers = True
		$22.IncludeStaticEntities = True
		$20.NamingRule = $23
		$23.Name = Interfaces
		$23.RequiredPrefixes = $24
		$24.String = I
		$23.AffectedEntity = Interface
		$23.VisibilityMask = Public
		$23.NamingStyle = PascalCase
		$23.IncludeInstanceMembers = True
		$23.IncludeStaticEntities = True
		$20.NamingRule = $25
		$25.Name = Attributes
		$25.RequiredSuffixes = $26
		$26.String = Attribute
		$25.AffectedEntity = CustomAttributes
		$25.VisibilityMask = Public
		$25.NamingStyle = PascalCase
		$25.IncludeInstanceMembers = True
		$25.IncludeStaticEntities = True
		$20.NamingRule = $27
		$27.Name = Event Arguments
		$27.RequiredSuffixes = $28
		$28.String = EventArgs
		$27.AffectedEntity = CustomEventArgs
		$27.VisibilityMask = Public
		$27.NamingStyle = PascalCase
		$27.IncludeInstanceMembers = True
		$27.IncludeStaticEntities = True
		$20.NamingRule = $29
		$29.Name = Exceptions
		$29.RequiredSuffixes = $30
		$30.String = Exception
		$29.AffectedEntity = CustomExceptions
		$29.VisibilityMask = VisibilityMask
		$29.NamingStyle = PascalCase
		$29.IncludeInstanceMembers = True
		$29.IncludeStaticEntities = True
		$20.NamingRule = $31
		$31.Name = Methods
		$31.AffectedEntity = Methods
		$31.VisibilityMask = Protected, Public
		$31.NamingStyle = PascalCase
		$31.IncludeInstanceMembers = True
		$31.IncludeStaticEntities = True
		$20.NamingRule = $32
		$32.Name = Static Readonly Fields
		$32.AffectedEntity = ReadonlyField
		$32.VisibilityMask = Protected, Public
		$32.NamingStyle = PascalCase
		$32.IncludeInstanceMembers = False
		$32.IncludeStaticEntities = True
		$20.NamingRule = $33
		$33.Name = Fields
		$33.AffectedEntity = Field
		$33.VisibilityMask = Protected, Public
		$33.NamingStyle = PascalCase
		$33.IncludeInstanceMembers = True
		$33.IncludeStaticEntities = True
		$20.NamingRule = $34
		$34.Name = ReadOnly Fields
		$34.AffectedEntity = ReadonlyField
		$34.VisibilityMask = Protected, Public
		$34.NamingStyle = PascalCase
		$34.IncludeInstanceMembers = True
		$34.IncludeStaticEntities = False
		$20.NamingRule = $35
		$35.Name = Constant Fields
		$35.AffectedEntity = ConstantField
		$35.VisibilityMask = Protected, Public
		$35.NamingStyle = PascalCase
		$35.IncludeInstanceMembers = True
		$35.IncludeStaticEntities = True
		$20.NamingRule = $36
		$36.Name = Properties
		$36.AffectedEntity = Property
		$36.VisibilityMask = Protected, Public
		$36.NamingStyle = PascalCase
		$36.IncludeInstanceMembers = True
		$36.IncludeStaticEntities = True
		$20.NamingRule = $37
		$37.Name = Events
		$37.AffectedEntity = Event
		$37.VisibilityMask = Protected, Public
		$37.NamingStyle = PascalCase
		$37.IncludeInstanceMembers = True
		$37.IncludeStaticEntities = True
		$20.NamingRule = $38
		$38.Name = Enum Members
		$38.AffectedEntity = EnumMember
		$38.VisibilityMask = VisibilityMask
		$38.NamingStyle = PascalCase
		$38.IncludeInstanceMembers = True
		$38.IncludeStaticEntities = True
		$20.NamingRule = $39
		$39.Name = Parameters
		$39.AffectedEntity = Parameter
		$39.VisibilityMask = VisibilityMask
		$39.NamingStyle = CamelCase
		$39.IncludeInstanceMembers = True
		$39.IncludeStaticEntities = True
		$20.NamingRule = $40
		$40.Name = Type Parameters
		$40.RequiredPrefixes = $41
		$41.String = T
		$40.AffectedEntity = TypeParameter
		$40.VisibilityMask = VisibilityMask
		$40.NamingStyle = PascalCase
		$40.IncludeInstanceMembers = True
		$40.IncludeStaticEntities = True
	EndGlobalSection
EndGlobal
